
Microsoft Visual Studio Solution File, Format Version 12.00
# Visual Studio Version 17
VisualStudioVersion = 17.0.31903.59
MinimumVisualStudioVersion = 10.0.40219.1
Project("{FAE04EC0-301F-11D3-BF4B-00C04F79EFBC}") = "GestionComercial.Domain", "GestionComercial.Domain\GestionComercial.Domain.csproj", "{AC90841D-3B9D-496B-9120-E41783F0B176}"
EndProject
Project("{FAE04EC0-301F-11D3-BF4B-00C04F79EFBC}") = "GestionComercial.Application", "GestionComercial.Application\GestionComercial.Application.csproj", "{C5C19075-0888-4A17-86B6-F455CC375087}"
EndProject
Project("{FAE04EC0-301F-11D3-BF4B-00C04F79EFBC}") = "GestionComercial.Infrastructure", "GestionComercial.Infrastructure\GestionComercial.Infrastructure.csproj", "{7B6AFF8F-BBD5-49B2-8DFC-FE4122E808D3}"
EndProject
Project("{FAE04EC0-301F-11D3-BF4B-00C04F79EFBC}") = "GestionComercial.API", "GestionComercial.API\GestionComercial.API.csproj", "{E2BF1BA1-ADAE-4CC1-9259-A2F6E7D30D85}"
EndProject
Global
	GlobalSection(SolutionConfigurationPlatforms) = preSolution
		Debug|Any CPU = Debug|Any CPU
		Debug|x64 = Debug|x64
		Debug|x86 = Debug|x86
		Release|Any CPU = Release|Any CPU
		Release|x64 = Release|x64
		Release|x86 = Release|x86
	EndGlobalSection
	GlobalSection(ProjectConfigurationPlatforms) = postSolution
		{AC90841D-3B9D-496B-9120-E41783F0B176}.Debug|Any CPU.ActiveCfg = Debug|Any CPU
		{AC90841D-3B9D-496B-9120-E41783F0B176}.Debug|Any CPU.Build.0 = Debug|Any CPU
		{AC90841D-3B9D-496B-9120-E41783F0B176}.Debug|x64.ActiveCfg = Debug|Any CPU
		{AC90841D-3B9D-496B-9120-E41783F0B176}.Debug|x64.Build.0 = Debug|Any CPU
		{AC90841D-3B9D-496B-9120-E41783F0B176}.Debug|x86.ActiveCfg = Debug|Any CPU
		{AC90841D-3B9D-496B-9120-E41783F0B176}.Debug|x86.Build.0 = Debug|Any CPU
		{AC90841D-3B9D-496B-9120-E41783F0B176}.Release|Any CPU.ActiveCfg = Release|Any CPU
		{AC90841D-3B9D-496B-9120-E41783F0B176}.Release|Any CPU.Build.0 = Release|Any CPU
		{AC90841D-3B9D-496B-9120-E41783F0B176}.Release|x64.ActiveCfg = Release|Any CPU
		{AC90841D-3B9D-496B-9120-E41783F0B176}.Release|x64.Build.0 = Release|Any CPU
		{AC90841D-3B9D-496B-9120-E41783F0B176}.Release|x86.ActiveCfg = Release|Any CPU
		{AC90841D-3B9D-496B-9120-E41783F0B176}.Release|x86.Build.0 = Release|Any CPU
		{C5C19075-0888-4A17-86B6-F455CC375087}.Debug|Any CPU.ActiveCfg = Debug|Any CPU
		{C5C19075-0888-4A17-86B6-F455CC375087}.Debug|Any CPU.Build.0 = Debug|Any CPU
		{C5C19075-0888-4A17-86B6-F455CC375087}.Debug|x64.ActiveCfg = Debug|Any CPU
		{C5C19075-0888-4A17-86B6-F455CC375087}.Debug|x64.Build.0 = Debug|Any CPU
		{C5C19075-0888-4A17-86B6-F455CC375087}.Debug|x86.ActiveCfg = Debug|Any CPU
		{C5C19075-0888-4A17-86B6-F455CC375087}.Debug|x86.Build.0 = Debug|Any CPU
		{C5C19075-0888-4A17-86B6-F455CC375087}.Release|Any CPU.ActiveCfg = Release|Any CPU
		{C5C19075-0888-4A17-86B6-F455CC375087}.Release|Any CPU.Build.0 = Release|Any CPU
		{C5C19075-0888-4A17-86B6-F455CC375087}.Release|x64.ActiveCfg = Release|Any CPU
		{C5C19075-0888-4A17-86B6-F455CC375087}.Release|x64.Build.0 = Release|Any CPU
		{C5C19075-0888-4A17-86B6-F455CC375087}.Release|x86.ActiveCfg = Release|Any CPU
		{C5C19075-0888-4A17-86B6-F455CC375087}.Release|x86.Build.0 = Release|Any CPU
		{7B6AFF8F-BBD5-49B2-8DFC-FE4122E808D3}.Debug|Any CPU.ActiveCfg = Debug|Any CPU
		{7B6AFF8F-BBD5-49B2-8DFC-FE4122E808D3}.Debug|Any CPU.Build.0 = Debug|Any CPU
		{7B6AFF8F-BBD5-49B2-8DFC-FE4122E808D3}.Debug|x64.ActiveCfg = Debug|Any CPU
		{7B6AFF8F-BBD5-49B2-8DFC-FE4122E808D3}.Debug|x64.Build.0 = Debug|Any CPU
		{7B6AFF8F-BBD5-49B2-8DFC-FE4122E808D3}.Debug|x86.ActiveCfg = Debug|Any CPU
		{7B6AFF8F-BBD5-49B2-8DFC-FE4122E808D3}.Debug|x86.Build.0 = Debug|Any CPU
		{7B6AFF8F-BBD5-49B2-8DFC-FE4122E808D3}.Release|Any CPU.ActiveCfg = Release|Any CPU
		{7B6AFF8F-BBD5-49B2-8DFC-FE4122E808D3}.Release|Any CPU.Build.0 = Release|Any CPU
		{7B6AFF8F-BBD5-49B2-8DFC-FE4122E808D3}.Release|x64.ActiveCfg = Release|Any CPU
		{7B6AFF8F-BBD5-49B2-8DFC-FE4122E808D3}.Release|x64.Build.0 = Release|Any CPU
		{7B6AFF8F-BBD5-49B2-8DFC-FE4122E808D3}.Release|x86.ActiveCfg = Release|Any CPU
		{7B6AFF8F-BBD5-49B2-8DFC-FE4122E808D3}.Release|x86.Build.0 = Release|Any CPU
		{E2BF1BA1-ADAE-4CC1-9259-A2F6E7D30D85}.Debug|Any CPU.ActiveCfg = Debug|Any CPU
		{E2BF1BA1-ADAE-4CC1-9259-A2F6E7D30D85}.Debug|Any CPU.Build.0 = Debug|Any CPU
		{E2BF1BA1-ADAE-4CC1-9259-A2F6E7D30D85}.Debug|x64.ActiveCfg = Debug|Any CPU
		{E2BF1BA1-ADAE-4CC1-9259-A2F6E7D30D85}.Debug|x64.Build.0 = Debug|Any CPU
		{E2BF1BA1-ADAE-4CC1-9259-A2F6E7D30D85}.Debug|x86.ActiveCfg = Debug|Any CPU
		{E2BF1BA1-ADAE-4CC1-9259-A2F6E7D30D85}.Debug|x86.Build.0 = Debug|Any CPU
		{E2BF1BA1-ADAE-4CC1-9259-A2F6E7D30D85}.Release|Any CPU.ActiveCfg = Release|Any CPU
		{E2BF1BA1-ADAE-4CC1-9259-A2F6E7D30D85}.Release|Any CPU.Build.0 = Release|Any CPU
		{E2BF1BA1-ADAE-4CC1-9259-A2F6E7D30D85}.Release|x64.ActiveCfg = Release|Any CPU
		{E2BF1BA1-ADAE-4CC1-9259-A2F6E7D30D85}.Release|x64.Build.0 = Release|Any CPU
		{E2BF1BA1-ADAE-4CC1-9259-A2F6E7D30D85}.Release|x86.ActiveCfg = Release|Any CPU
		{E2BF1BA1-ADAE-4CC1-9259-A2F6E7D30D85}.Release|x86.Build.0 = Release|Any CPU
	EndGlobalSection
	GlobalSection(SolutionProperties) = preSolution
		HideSolutionNode = FALSE
	EndGlobalSection
EndGlobal
